// !$*UTF8*$!
{
	archiveVersion = 1;
	classes = {
	};
	objectVersion = 46;
	objects = {

/* Begin PBXBuildFile section */
		AA55E7C51CBA7E67002105DE /* AppDelegate.swift in Sources */ = {isa = PBXBuildFile; fileRef = AA55E7C41CBA7E67002105DE /* AppDelegate.swift */; };
		AA55E7C71CBA7E67002105DE /* ViewController.swift in Sources */ = {isa = PBXBuildFile; fileRef = AA55E7C61CBA7E67002105DE /* ViewController.swift */; };
		AA55E7CA1CBA7E67002105DE /* Main.storyboard in Resources */ = {isa = PBXBuildFile; fileRef = AA55E7C81CBA7E67002105DE /* Main.storyboard */; };
		AA55E7CC1CBA7E67002105DE /* Assets.xcassets in Resources */ = {isa = PBXBuildFile; fileRef = AA55E7CB1CBA7E67002105DE /* Assets.xcassets */; };
		AA55E7CF1CBA7E67002105DE /* LaunchScreen.storyboard in Resources */ = {isa = PBXBuildFile; fileRef = AA55E7CD1CBA7E67002105DE /* LaunchScreen.storyboard */; };
		AA55E7DA1CBA7E67002105DE /* DLUberTests.swift in Sources */ = {isa = PBXBuildFile; fileRef = AA55E7D91CBA7E67002105DE /* DLUberTests.swift */; };
		AA55E7E51CBA7E67002105DE /* DLUberUITests.swift in Sources */ = {isa = PBXBuildFile; fileRef = AA55E7E41CBA7E67002105DE /* DLUberUITests.swift */; };
/* End PBXBuildFile section */

/* Begin PBXContainerItemProxy section */
		AA55E7D61CBA7E67002105DE /* PBXContainerItemProxy */ = {
			isa = PBXContainerItemProxy;
			containerPortal = AA55E7B91CBA7E67002105DE /* Project object */;
			proxyType = 1;
			remoteGlobalIDString = AA55E7C01CBA7E67002105DE;
			remoteInfo = DLUber;
		};
		AA55E7E11CBA7E67002105DE /* PBXContainerItemProxy */ = {
			isa = PBXContainerItemProxy;
			containerPortal = AA55E7B91CBA7E67002105DE /* Project object */;
			proxyType = 1;
			remoteGlobalIDString = AA55E7C01CBA7E67002105DE;
			remoteInfo = DLUber;
		};
/* End PBXContainerItemProxy section */

/* Begin PBXFileReference section */
		AA55E7C11CBA7E67002105DE /* DLUber.app */ = {isa = PBXFileReference; explicitFileType = wrapper.application; includeInIndex = 0; path = DLUber.app; sourceTree = BUILT_PRODUCTS_DIR; };
		AA55E7C41CBA7E67002105DE /* AppDelegate.swift */ = {isa = PBXFileReference; lastKnownFileType = sourcecode.swift; path = AppDelegate.swift; sourceTree = "<group>"; };
		AA55E7C61CBA7E67002105DE /* ViewController.swift */ = {isa = PBXFileReference; lastKnownFileType = sourcecode.swift; path = ViewController.swift; sourceTree = "<group>"; };
		AA55E7C91CBA7E67002105DE /* Base */ = {isa = PBXFileReference; lastKnownFileType = file.storyboard; name = Base; path = Base.lproj/Main.storyboard; sourceTree = "<group>"; };
		AA55E7CB1CBA7E67002105DE /* Assets.xcassets */ = {isa = PBXFileReference; lastKnownFileType = folder.assetcatalog; path = Assets.xcassets; sourceTree = "<group>"; };
		AA55E7CE1CBA7E67002105DE /* Base */ = {isa = PBXFileReference; lastKnownFileType = file.storyboard; name = Base; path = Base.lproj/LaunchScreen.storyboard; sourceTree = "<group>"; };
		AA55E7D01CBA7E67002105DE /* Info.plist */ = {isa = PBXFileReference; lastKnownFileType = text.plist.xml; path = Info.plist; sourceTree = "<group>"; };
		AA55E7D51CBA7E67002105DE /* DLUberTests.xctest */ = {isa = PBXFileReference; explicitFileType = wrapper.cfbundle; includeInIndex = 0; path = DLUberTests.xctest; sourceTree = BUILT_PRODUCTS_DIR; };
		AA55E7D91CBA7E67002105DE /* DLUberTests.swift */ = {isa = PBXFileReference; lastKnownFileType = sourcecode.swift; path = DLUberTests.swift; sourceTree = "<group>"; };
		AA55E7DB1CBA7E67002105DE /* Info.plist */ = {isa = PBXFileReference; lastKnownFileType = text.plist.xml; path = Info.plist; sourceTree = "<group>"; };
		AA55E7E01CBA7E67002105DE /* DLUberUITests.xctest */ = {isa = PBXFileReference; explicitFileType = wrapper.cfbundle; includeInIndex = 0; path = DLUberUITests.xctest; sourceTree = BUILT_PRODUCTS_DIR; };
		AA55E7E41CBA7E67002105DE /* DLUberUITests.swift */ = {isa = PBXFileReference; lastKnownFileType = sourcecode.swift; path = DLUberUITests.swift; sourceTree = "<group>"; };
		AA55E7E61CBA7E67002105DE /* Info.plist */ = {isa = PBXFileReference; lastKnownFileType = text.plist.xml; path = Info.plist; sourceTree = "<group>"; };
/* End PBXFileReference section */

/* Begin PBXFrameworksBuildPhase section */
		AA55E7BE1CBA7E67002105DE /* Frameworks */ = {
			isa = PBXFrameworksBuildPhase;
			buildActionMask = 2147483647;
			files = (
			);
			runOnlyForDeploymentPostprocessing = 0;
		};
		AA55E7D21CBA7E67002105DE /* Frameworks */ = {
			isa = PBXFrameworksBuildPhase;
			buildActionMask = 2147483647;
			files = (
			);
			runOnlyForDeploymentPostprocessing = 0;
		};
		AA55E7DD1CBA7E67002105DE /* Frameworks */ = {
			isa = PBXFrameworksBuildPhase;
			buildActionMask = 2147483647;
			files = (
			);
			runOnlyForDeploymentPostprocessing = 0;
		};
/* End PBXFrameworksBuildPhase section */

/* Begin PBXGroup section */
		AA55E7B81CBA7E67002105DE = {
			isa = PBXGroup;
			children = (
				AA55E7C31CBA7E67002105DE /* DLUber */,
				AA55E7D81CBA7E67002105DE /* DLUberTests */,
				AA55E7E31CBA7E67002105DE /* DLUberUITests */,
				AA55E7C21CBA7E67002105DE /* Products */,
			);
			sourceTree = "<group>";
		};
		AA55E7C21CBA7E67002105DE /* Products */ = {
			isa = PBXGroup;
			children = (
				AA55E7C11CBA7E67002105DE /* DLUber.app */,
				AA55E7D51CBA7E67002105DE /* DLUberTests.xctest */,
				AA55E7E01CBA7E67002105DE /* DLUberUITests.xctest */,
			);
			name = Products;
			sourceTree = "<group>";
		};
		AA55E7C31CBA7E67002105DE /* DLUber */ = {
			isa = PBXGroup;
			children = (
				AA55E7C41CBA7E67002105DE /* AppDelegate.swift */,
				AA55E7C61CBA7E67002105DE /* ViewController.swift */,
				AA55E7C81CBA7E67002105DE /* Main.storyboard */,
				AA55E7CB1CBA7E67002105DE /* Assets.xcassets */,
				AA55E7CD1CBA7E67002105DE /* LaunchScreen.storyboard */,
				AA55E7D01CBA7E67002105DE /* Info.plist */,
			);
			path = DLUber;
			sourceTree = "<group>";
		};
		AA55E7D81CBA7E67002105DE /* DLUberTests */ = {
			isa = PBXGroup;
			children = (
				AA55E7D91CBA7E67002105DE /* DLUberTests.swift */,
				AA55E7DB1CBA7E67002105DE /* Info.plist */,
			);
			path = DLUberTests;
			sourceTree = "<group>";
		};
		AA55E7E31CBA7E67002105DE /* DLUberUITests */ = {
			isa = PBXGroup;
			children = (
				AA55E7E41CBA7E67002105DE /* DLUberUITests.swift */,
				AA55E7E61CBA7E67002105DE /* Info.plist */,
			);
			path = DLUberUITests;
			sourceTree = "<group>";
		};
/* End PBXGroup section */

/* Begin PBXNativeTarget section */
		AA55E7C01CBA7E67002105DE /* DLUber */ = {
			isa = PBXNativeTarget;
			buildConfigurationList = AA55E7E91CBA7E67002105DE /* Build configuration list for PBXNativeTarget "DLUber" */;
			buildPhases = (
				AA55E7BD1CBA7E67002105DE /* Sources */,
				AA55E7BE1CBA7E67002105DE /* Frameworks */,
				AA55E7BF1CBA7E67002105DE /* Resources */,
			);
			buildRules = (
			);
			dependencies = (
			);
			name = DLUber;
			productName = DLUber;
			productReference = AA55E7C11CBA7E67002105DE /* DLUber.app */;
			productType = "com.apple.product-type.application";
		};
		AA55E7D41CBA7E67002105DE /* DLUberTests */ = {
			isa = PBXNativeTarget;
			buildConfigurationList = AA55E7EC1CBA7E67002105DE /* Build configuration list for PBXNativeTarget "DLUberTests" */;
			buildPhases = (
				AA55E7D11CBA7E67002105DE /* Sources */,
				AA55E7D21CBA7E67002105DE /* Frameworks */,
				AA55E7D31CBA7E67002105DE /* Resources */,
			);
			buildRules = (
			);
			dependencies = (
				AA55E7D71CBA7E67002105DE /* PBXTargetDependency */,
			);
			name = DLUberTests;
			productName = DLUberTests;
			productReference = AA55E7D51CBA7E67002105DE /* DLUberTests.xctest */;
			productType = "com.apple.product-type.bundle.unit-test";
		};
		AA55E7DF1CBA7E67002105DE /* DLUberUITests */ = {
			isa = PBXNativeTarget;
			buildConfigurationList = AA55E7EF1CBA7E67002105DE /* Build configuration list for PBXNativeTarget "DLUberUITests" */;
			buildPhases = (
				AA55E7DC1CBA7E67002105DE /* Sources */,
				AA55E7DD1CBA7E67002105DE /* Frameworks */,
				AA55E7DE1CBA7E67002105DE /* Resources */,
			);
			buildRules = (
			);
			dependencies = (
				AA55E7E21CBA7E67002105DE /* PBXTargetDependency */,
			);
			name = DLUberUITests;
			productName = DLUberUITests;
			productReference = AA55E7E01CBA7E67002105DE /* DLUberUITests.xctest */;
			productType = "com.apple.product-type.bundle.ui-testing";
		};
/* End PBXNativeTarget section */

/* Begin PBXProject section */
		AA55E7B91CBA7E67002105DE /* Project object */ = {
			isa = PBXProject;
			attributes = {
				LastSwiftUpdateCheck = 0730;
				LastUpgradeCheck = 0730;
				ORGANIZATIONNAME = FT_David;
				TargetAttributes = {
					AA55E7C01CBA7E67002105DE = {
						CreatedOnToolsVersion = 7.3;
						DevelopmentTeam = LN7UHJEGQE;
					};
					AA55E7D41CBA7E67002105DE = {
						CreatedOnToolsVersion = 7.3;
						TestTargetID = AA55E7C01CBA7E67002105DE;
					};
					AA55E7DF1CBA7E67002105DE = {
						CreatedOnToolsVersion = 7.3;
						TestTargetID = AA55E7C01CBA7E67002105DE;
					};
				};
			};
			buildConfigurationList = AA55E7BC1CBA7E67002105DE /* Build configuration list for PBXProject "DLUber" */;
			compatibilityVersion = "Xcode 3.2";
			developmentRegion = English;
			hasScannedForEncodings = 0;
			knownRegions = (
				en,
				Base,
			);
			mainGroup = AA55E7B81CBA7E67002105DE;
			productRefGroup = AA55E7C21CBA7E67002105DE /* Products */;
			projectDirPath = "";
			projectRoot = "";
			targets = (
				AA55E7C01CBA7E67002105DE /* DLUber */,
				AA55E7D41CBA7E67002105DE /* DLUberTests */,
				AA55E7DF1CBA7E67002105DE /* DLUberUITests */,
			);
		};
/* End PBXProject section */

/* Begin PBXResourcesBuildPhase section */
		AA55E7BF1CBA7E67002105DE /* Resources */ = {
			isa = PBXResourcesBuildPhase;
			buildActionMask = 2147483647;
			files = (
				AA55E7CF1CBA7E67002105DE /* LaunchScreen.storyboard in Resources */,
				AA55E7CC1CBA7E67002105DE /* Assets.xcassets in Resources */,
				AA55E7CA1CBA7E67002105DE /* Main.storyboard in Resources */,
			);
			runOnlyForDeploymentPostprocessing = 0;
		};
		AA55E7D31CBA7E67002105DE /* Resources */ = {
			isa = PBXResourcesBuildPhase;
			buildActionMask = 2147483647;
			files = (
			);
			runOnlyForDeploymentPostprocessing = 0;
		};
		AA55E7DE1CBA7E67002105DE /* Resources */ = {
			isa = PBXResourcesBuildPhase;
			buildActionMask = 2147483647;
			files = (
			);
			runOnlyForDeploymentPostprocessing = 0;
		};
/* End PBXResourcesBuildPhase section */

/* Begin PBXSourcesBuildPhase section */
		AA55E7BD1CBA7E67002105DE /* Sources */ = {
			isa = PBXSourcesBuildPhase;
			buildActionMask = 2147483647;
			files = (
				AA55E7C71CBA7E67002105DE /* ViewController.swift in Sources */,
				AA55E7C51CBA7E67002105DE /* AppDelegate.swift in Sources */,
			);
			runOnlyForDeploymentPostprocessing = 0;
		};
		AA55E7D11CBA7E67002105DE /* Sources */ = {
			isa = PBXSourcesBuildPhase;
			buildActionMask = 2147483647;
			files = (
				AA55E7DA1CBA7E67002105DE /* DLUberTests.swift in Sources */,
			);
			runOnlyForDeploymentPostprocessing = 0;
		};
		AA55E7DC1CBA7E67002105DE /* Sources */ = {
			isa = PBXSourcesBuildPhase;
			buildActionMask = 2147483647;
			files = (
				AA55E7E51CBA7E67002105DE /* DLUberUITests.swift in Sources */,
			);
			runOnlyForDeploymentPostprocessing = 0;
		};
/* End PBXSourcesBuildPhase section */

/* Begin PBXTargetDependency section */
		AA55E7D71CBA7E67002105DE /* PBXTargetDependency */ = {
			isa = PBXTargetDependency;
			target = AA55E7C01CBA7E67002105DE /* DLUber */;
			targetProxy = AA55E7D61CBA7E67002105DE /* PBXContainerItemProxy */;
		};
		AA55E7E21CBA7E67002105DE /* PBXTargetDependency */ = {
			isa = PBXTargetDependency;
			target = AA55E7C01CBA7E67002105DE /* DLUber */;
			targetProxy = AA55E7E11CBA7E67002105DE /* PBXContainerItemProxy */;
		};
/* End PBXTargetDependency section */

/* Begin PBXVariantGroup section */
		AA55E7C81CBA7E67002105DE /* Main.storyboard */ = {
			isa = PBXVariantGroup;
			children = (
				AA55E7C91CBA7E67002105DE /* Base */,
			);
			name = Main.storyboard;
			sourceTree = "<group>";
		};
		AA55E7CD1CBA7E67002105DE /* LaunchScreen.storyboard */ = {
			isa = PBXVariantGroup;
			children = (
				AA55E7CE1CBA7E67002105DE /* Base */,
			);
			name = LaunchScreen.storyboard;
			sourceTree = "<group>";
		};
/* End PBXVariantGroup section */

/* Begin XCBuildConfiguration section */
		AA55E7E71CBA7E67002105DE /* Debug */ = {
			isa = XCBuildConfiguration;
			buildSettings = {
				ALWAYS_SEARCH_USER_PATHS = NO;
				CLANG_ANALYZER_NONNULL = YES;
				CLANG_CXX_LANGUAGE_STANDARD = "gnu++0x";
				CLANG_CXX_LIBRARY = "libc++";
				CLANG_ENABLE_MODULES = YES;
				CLANG_ENABLE_OBJC_ARC = YES;
				CLANG_WARN_BOOL_CONVERSION = YES;
				CLANG_WARN_CONSTANT_CONVERSION = YES;
				CLANG_WARN_DIRECT_OBJC_ISA_USAGE = YES_ERROR;
				CLANG_WARN_EMPTY_BODY = YES;
				CLANG_WARN_ENUM_CONVERSION = YES;
				CLANG_WARN_INT_CONVERSION = YES;
				CLANG_WARN_OBJC_ROOT_CLASS = YES_ERROR;
				CLANG_WARN_UNREACHABLE_CODE = YES;
				CLANG_WARN__DUPLICATE_METHOD_MATCH = YES;
				"CODE_SIGN_IDENTITY[sdk=iphoneos*]" = "iPhone Developer";
				COPY_PHASE_STRIP = NO;
				DEBUG_INFORMATION_FORMAT = dwarf;
				ENABLE_STRICT_OBJC_MSGSEND = YES;
				ENABLE_TESTABILITY = YES;
				GCC_C_LANGUAGE_STANDARD = gnu99;
				GCC_DYNAMIC_NO_PIC = NO;
				GCC_NO_COMMON_BLOCKS = YES;
				GCC_OPTIMIZATION_LEVEL = 0;
				GCC_PREPROCESSOR_DEFINITIONS = (
					"DEBUG=1",
					"$(inherited)",
				);
				GCC_WARN_64_TO_32_BIT_CONVERSION = YES;
				GCC_WARN_ABOUT_RETURN_TYPE = YES_ERROR;
				GCC_WARN_UNDECLARED_SELECTOR = YES;
				GCC_WARN_UNINITIALIZED_AUTOS = YES_AGGRESSIVE;
				GCC_WARN_UNUSED_FUNCTION = YES;
				GCC_WARN_UNUSED_VARIABLE = YES;
				IPHONEOS_DEPLOYMENT_TARGET = 9.3;
				MTL_ENABLE_DEBUG_INFO = YES;
				ONLY_ACTIVE_ARCH = YES;
				SDKROOT = iphoneos;
				SWIFT_OPTIMIZATION_LEVEL = "-Onone";
			};
			name = Debug;
		};
		AA55E7E81CBA7E67002105DE /* Release */ = {
			isa = XCBuildConfiguration;
			buildSettings = {
				ALWAYS_SEARCH_USER_PATHS = NO;
				CLANG_ANALYZER_NONNULL = YES;
				CLANG_CXX_LANGUAGE_STANDARD = "gnu++0x";
				CLANG_CXX_LIBRARY = "libc++";
				CLANG_ENABLE_MODULES = YES;
				CLANG_ENABLE_OBJC_ARC = YES;
				CLANG_WARN_BOOL_CONVERSION = YES;
				CLANG_WARN_CONSTANT_CONVERSION = YES;
				CLANG_WARN_DIRECT_OBJC_ISA_USAGE = YES_ERROR;
				CLANG_WARN_EMPTY_BODY = YES;
				CLANG_WARN_ENUM_CONVERSION = YES;
				CLANG_WARN_INT_CONVERSION = YES;
				CLANG_WARN_OBJC_ROOT_CLASS = YES_ERROR;
				CLANG_WARN_UNREACHABLE_CODE = YES;
				CLANG_WARN__DUPLICATE_METHOD_MATCH = YES;
				"CODE_SIGN_IDENTITY[sdk=iphoneos*]" = "iPhone Developer";
				COPY_PHASE_STRIP = NO;
				DEBUG_INFORMATION_FORMAT = "dwarf-with-dsym";
				ENABLE_NS_ASSERTIONS = NO;
				ENABLE_STRICT_OBJC_MSGSEND = YES;
				GCC_C_LANGUAGE_STANDARD = gnu99;
				GCC_NO_COMMON_BLOCKS = YES;
				GCC_WARN_64_TO_32_BIT_CONVERSION = YES;
				GCC_WARN_ABOUT_RETURN_TYPE = YES_ERROR;
				GCC_WARN_UNDECLARED_SELECTOR = YES;
				GCC_WARN_UNINITIALIZED_AUTOS = YES_AGGRESSIVE;
				GCC_WARN_UNUSED_FUNCTION = YES;
				GCC_WARN_UNUSED_VARIABLE = YES;
				IPHONEOS_DEPLOYMENT_TARGET = 9.3;
				MTL_ENABLE_DEBUG_INFO = NO;
				SDKROOT = iphoneos;
				VALIDATE_PRODUCT = YES;
			};
			name = Release;
		};
		AA55E7EA1CBA7E67002105DE /* Debug */ = {
			isa = XCBuildConfiguration;
			buildSettings = {
				ASSETCATALOG_COMPILER_APPICON_NAME = AppIcon;
				CODE_SIGN_IDENTITY = "iPhone Developer";
				INFOPLIST_FILE = DLUber/Info.plist;
				IPHONEOS_DEPLOYMENT_TARGET = 7.0;
				LD_RUNPATH_SEARCH_PATHS = "$(inherited) @executable_path/Frameworks";
				PRODUCT_BUNDLE_IDENTIFIER = com.dl.demo.DLUber;
				PRODUCT_NAME = "$(TARGET_NAME)";
			};
			name = Debug;
		};
		AA55E7EB1CBA7E67002105DE /* Release */ = {
			isa = XCBuildConfiguration;
			buildSettings = {
				ASSETCATALOG_COMPILER_APPICON_NAME = AppIcon;
				CODE_SIGN_IDENTITY = "iPhone Developer";
				INFOPLIST_FILE = DLUber/Info.plist;
				IPHONEOS_DEPLOYMENT_TARGET = 7.0;
				LD_RUNPATH_SEARCH_PATHS = "$(inherited) @executable_path/Frameworks";
				PRODUCT_BUNDLE_IDENTIFIER = com.dl.demo.DLUber;
				PRODUCT_NAME = "$(TARGET_NAME)";
			};
			name = Release;
		};
		AA55E7ED1CBA7E67002105DE /* Debug */ = {
			isa = XCBuildConfiguration;
			buildSettings = {
				BUNDLE_LOADER = "$(TEST_HOST)";
				INFOPLIST_FILE = DLUberTests/Info.plist;
				LD_RUNPATH_SEARCH_PATHS = "$(inherited) @executable_path/Frameworks @loader_path/Frameworks";
				PRODUCT_BUNDLE_IDENTIFIER = com.dl.demo.DLUberTests;
				PRODUCT_NAME = "$(TARGET_NAME)";
				TEST_HOST = "$(BUILT_PRODUCTS_DIR)/DLUber.app/DLUber";
			};
			name = Debug;
		};
		AA55E7EE1CBA7E67002105DE /* Release */ = {
			isa = XCBuildConfiguration;
			buildSettings = {
				BUNDLE_LOADER = "$(TEST_HOST)";
				INFOPLIST_FILE = DLUberTests/Info.plist;
				LD_RUNPATH_SEARCH_PATHS = "$(inherited) @executable_path/Frameworks @loader_path/Frameworks";
				PRODUCT_BUNDLE_IDENTIFIER = com.dl.demo.DLUberTests;
				PRODUCT_NAME = "$(TARGET_NAME)";
				TEST_HOST = "$(BUILT_PRODUCTS_DIR)/DLUber.app/DLUber";
			};
			name = Release;
		};
		AA55E7F01CBA7E67002105DE /* Debug */ = {
			isa = XCBuildConfiguration;
			buildSettings = {
				INFOPLIST_FILE = DLUberUITests/Info.plist;
				LD_RUNPATH_SEARCH_PATHS = "$(inherited) @executable_path/Frameworks @loader_path/Frameworks";
				PRODUCT_BUNDLE_IDENTIFIER = com.dl.demo.DLUberUITests;
				PRODUCT_NAME = "$(TARGET_NAME)";
				TEST_TARGET_NAME = DLUber;
			};
			name = Debug;
		};
		AA55E7F11CBA7E67002105DE /* Release */ = {
			isa = XCBuildConfiguration;
			buildSettings = {
				INFOPLIST_FILE = DLUberUITests/Info.plist;
				LD_RUNPATH_SEARCH_PATHS = "$(inherited) @executable_path/Frameworks @loader_path/Frameworks";
				PRODUCT_BUNDLE_IDENTIFIER = com.dl.demo.DLUberUITests;
				PRODUCT_NAME = "$(TARGET_NAME)";
				TEST_TARGET_NAME = DLUber;
			};
			name = Release;
		};
/* End XCBuildConfiguration section */

/* Begin XCConfigurationList section */
		AA55E7BC1CBA7E67002105DE /* Build configuration list for PBXProject "DLUber" */ = {
			isa = XCConfigurationList;
			buildConfigurations = (
				AA55E7E71CBA7E67002105DE /* Debug */,
				AA55E7E81CBA7E67002105DE /* Release */,
			);
			defaultConfigurationIsVisible = 0;
			defaultConfigurationName = Release;
		};
		AA55E7E91CBA7E67002105DE /* Build configuration list for PBXNativeTarget "DLUber" */ = {
			isa = XCConfigurationList;
			buildConfigurations = (
				AA55E7EA1CBA7E67002105DE /* Debug */,
				AA55E7EB1CBA7E67002105DE /* Release */,
			);
			defaultConfigurationIsVisible = 0;
		};
		AA55E7EC1CBA7E67002105DE /* Build configuration list for PBXNativeTarget "DLUberTests" */ = {
			isa = XCConfigurationList;
			buildConfigurations = (
				AA55E7ED1CBA7E67002105DE /* Debug */,
				AA55E7EE1CBA7E67002105DE /* Release */,
			);
			defaultConfigurationIsVisible = 0;
		};
		AA55E7EF1CBA7E67002105DE /* Build configuration list for PBXNativeTarget "DLUberUITests" */ = {
			isa = XCConfigurationList;
			buildConfigurations = (
				AA55E7F01CBA7E67002105DE /* Debug */,
				AA55E7F11CBA7E67002105DE /* Release */,
			);
			defaultConfigurationIsVisible = 0;
		};
/* End XCConfigurationList section */
	};
	rootObject = AA55E7B91CBA7E67002105DE /* Project object */;
}
