// !$*UTF8*$!
{
	archiveVersion = 1;
	classes = {
	};
	objectVersion = 46;
	objects = {

/* Begin PBXBuildFile section */
		AA5381191CC26A6800E2DA0B /* DLURLDefine.swift in Sources */ = {isa = PBXBuildFile; fileRef = AA5381181CC26A6800E2DA0B /* DLURLDefine.swift */; };
		AA53811B1CC26DCA00E2DA0B /* DLLaunchController.xib in Resources */ = {isa = PBXBuildFile; fileRef = AA53811A1CC26DCA00E2DA0B /* DLLaunchController.xib */; };
		AA5381231CC32B1600E2DA0B /* welcome_video.mp4 in Resources */ = {isa = PBXBuildFile; fileRef = AA5381221CC32B1600E2DA0B /* welcome_video.mp4 */; };
		AA5381251CC3570F00E2DA0B /* DLLocation.swift in Sources */ = {isa = PBXBuildFile; fileRef = AA5381241CC3570F00E2DA0B /* DLLocation.swift */; };
		AA55E7C51CBA7E67002105DE /* AppDelegate.swift in Sources */ = {isa = PBXBuildFile; fileRef = AA55E7C41CBA7E67002105DE /* AppDelegate.swift */; };
		AA55E7C71CBA7E67002105DE /* ViewController.swift in Sources */ = {isa = PBXBuildFile; fileRef = AA55E7C61CBA7E67002105DE /* ViewController.swift */; };
		AA55E7CA1CBA7E67002105DE /* Main.storyboard in Resources */ = {isa = PBXBuildFile; fileRef = AA55E7C81CBA7E67002105DE /* Main.storyboard */; };
		AA55E7CC1CBA7E67002105DE /* Assets.xcassets in Resources */ = {isa = PBXBuildFile; fileRef = AA55E7CB1CBA7E67002105DE /* Assets.xcassets */; };
		AA55E7CF1CBA7E67002105DE /* LaunchScreen.storyboard in Resources */ = {isa = PBXBuildFile; fileRef = AA55E7CD1CBA7E67002105DE /* LaunchScreen.storyboard */; };
		AA55E7DA1CBA7E67002105DE /* DLUberTests.swift in Sources */ = {isa = PBXBuildFile; fileRef = AA55E7D91CBA7E67002105DE /* DLUberTests.swift */; };
		AA55E7E51CBA7E67002105DE /* DLUberUITests.swift in Sources */ = {isa = PBXBuildFile; fileRef = AA55E7E41CBA7E67002105DE /* DLUberUITests.swift */; };
		AA55E7FB1CBA82CE002105DE /* BaseInfo.swift in Sources */ = {isa = PBXBuildFile; fileRef = AA55E7FA1CBA82CE002105DE /* BaseInfo.swift */; };
		AA55E7FD1CBA8303002105DE /* UserInfo.swift in Sources */ = {isa = PBXBuildFile; fileRef = AA55E7FC1CBA8303002105DE /* UserInfo.swift */; };
		AA55E8001CBA837C002105DE /* DLOperation.swift in Sources */ = {isa = PBXBuildFile; fileRef = AA55E7FF1CBA837C002105DE /* DLOperation.swift */; };
		AA55E8021CBA83A7002105DE /* DLLogin.swift in Sources */ = {isa = PBXBuildFile; fileRef = AA55E8011CBA83A7002105DE /* DLLogin.swift */; };
		AA55E8041CBA83C6002105DE /* DLRegister.swift in Sources */ = {isa = PBXBuildFile; fileRef = AA55E8031CBA83C6002105DE /* DLRegister.swift */; };
		AA55E8061CBA83E9002105DE /* DLGetCars.swift in Sources */ = {isa = PBXBuildFile; fileRef = AA55E8051CBA83E9002105DE /* DLGetCars.swift */; };
		AA55E8081CBA842C002105DE /* DLBaseController.swift in Sources */ = {isa = PBXBuildFile; fileRef = AA55E8071CBA842C002105DE /* DLBaseController.swift */; };
		AA55E80A1CBA8479002105DE /* DLLoginController.swift in Sources */ = {isa = PBXBuildFile; fileRef = AA55E8091CBA8479002105DE /* DLLoginController.swift */; };
		AA55E80C1CBA84AF002105DE /* DLLaunchController.swift in Sources */ = {isa = PBXBuildFile; fileRef = AA55E80B1CBA84AF002105DE /* DLLaunchController.swift */; };
		AA55E80F1CBA84E6002105DE /* DLRegisterController.swift in Sources */ = {isa = PBXBuildFile; fileRef = AA55E80E1CBA84E6002105DE /* DLRegisterController.swift */; };
		AA55E8111CBA852B002105DE /* DLBindPayController.swift in Sources */ = {isa = PBXBuildFile; fileRef = AA55E8101CBA852B002105DE /* DLBindPayController.swift */; };
		AA55E81B1CBA8997002105DE /* DLDefine.swift in Sources */ = {isa = PBXBuildFile; fileRef = AA55E81A1CBA8997002105DE /* DLDefine.swift */; };
		AAF8A8ED1CC3744D0046643D /* SVIndefiniteAnimatedView.m in Sources */ = {isa = PBXBuildFile; fileRef = AAF8A8E31CC3744D0046643D /* SVIndefiniteAnimatedView.m */; };
		AAF8A8EE1CC3744D0046643D /* SVProgressAnimatedView.m in Sources */ = {isa = PBXBuildFile; fileRef = AAF8A8E51CC3744D0046643D /* SVProgressAnimatedView.m */; };
		AAF8A8EF1CC3744D0046643D /* SVProgressHUD.bundle in Resources */ = {isa = PBXBuildFile; fileRef = AAF8A8E81CC3744D0046643D /* SVProgressHUD.bundle */; };
		AAF8A8F01CC3744D0046643D /* SVProgressHUD.m in Sources */ = {isa = PBXBuildFile; fileRef = AAF8A8EA1CC3744D0046643D /* SVProgressHUD.m */; };
		AAF8A8F11CC3744D0046643D /* SVRadialGradientLayer.m in Sources */ = {isa = PBXBuildFile; fileRef = AAF8A8EC1CC3744D0046643D /* SVRadialGradientLayer.m */; };
/* End PBXBuildFile section */

/* Begin PBXContainerItemProxy section */
		AA55E7D61CBA7E67002105DE /* PBXContainerItemProxy */ = {
			isa = PBXContainerItemProxy;
			containerPortal = AA55E7B91CBA7E67002105DE /* Project object */;
			proxyType = 1;
			remoteGlobalIDString = AA55E7C01CBA7E67002105DE;
			remoteInfo = DLUber;
		};
		AA55E7E11CBA7E67002105DE /* PBXContainerItemProxy */ = {
			isa = PBXContainerItemProxy;
			containerPortal = AA55E7B91CBA7E67002105DE /* Project object */;
			proxyType = 1;
			remoteGlobalIDString = AA55E7C01CBA7E67002105DE;
			remoteInfo = DLUber;
		};
/* End PBXContainerItemProxy section */

/* Begin PBXFileReference section */
		AA5381181CC26A6800E2DA0B /* DLURLDefine.swift */ = {isa = PBXFileReference; fileEncoding = 4; lastKnownFileType = sourcecode.swift; path = DLURLDefine.swift; sourceTree = "<group>"; };
		AA53811A1CC26DCA00E2DA0B /* DLLaunchController.xib */ = {isa = PBXFileReference; fileEncoding = 4; lastKnownFileType = file.xib; path = DLLaunchController.xib; sourceTree = "<group>"; };
		AA5381221CC32B1600E2DA0B /* welcome_video.mp4 */ = {isa = PBXFileReference; lastKnownFileType = file; path = welcome_video.mp4; sourceTree = "<group>"; };
		AA5381241CC3570F00E2DA0B /* DLLocation.swift */ = {isa = PBXFileReference; fileEncoding = 4; lastKnownFileType = sourcecode.swift; path = DLLocation.swift; sourceTree = "<group>"; };
		AA55E7C11CBA7E67002105DE /* DLUber.app */ = {isa = PBXFileReference; explicitFileType = wrapper.application; includeInIndex = 0; path = DLUber.app; sourceTree = BUILT_PRODUCTS_DIR; };
		AA55E7C41CBA7E67002105DE /* AppDelegate.swift */ = {isa = PBXFileReference; lastKnownFileType = sourcecode.swift; name = AppDelegate.swift; path = ../AppDelegate.swift; sourceTree = "<group>"; };
		AA55E7C61CBA7E67002105DE /* ViewController.swift */ = {isa = PBXFileReference; lastKnownFileType = sourcecode.swift; name = ViewController.swift; path = ../ViewController.swift; sourceTree = "<group>"; };
		AA55E7C91CBA7E67002105DE /* Base */ = {isa = PBXFileReference; lastKnownFileType = file.storyboard; name = Base; path = Base.lproj/Main.storyboard; sourceTree = "<group>"; };
		AA55E7CB1CBA7E67002105DE /* Assets.xcassets */ = {isa = PBXFileReference; lastKnownFileType = folder.assetcatalog; name = Assets.xcassets; path = ../Assets.xcassets; sourceTree = "<group>"; };
		AA55E7CE1CBA7E67002105DE /* Base */ = {isa = PBXFileReference; lastKnownFileType = file.storyboard; name = Base; path = Base.lproj/LaunchScreen.storyboard; sourceTree = "<group>"; };
		AA55E7D01CBA7E67002105DE /* Info.plist */ = {isa = PBXFileReference; lastKnownFileType = text.plist.xml; name = Info.plist; path = ../Info.plist; sourceTree = "<group>"; };
		AA55E7D51CBA7E67002105DE /* DLUberTests.xctest */ = {isa = PBXFileReference; explicitFileType = wrapper.cfbundle; includeInIndex = 0; path = DLUberTests.xctest; sourceTree = BUILT_PRODUCTS_DIR; };
		AA55E7D91CBA7E67002105DE /* DLUberTests.swift */ = {isa = PBXFileReference; lastKnownFileType = sourcecode.swift; path = DLUberTests.swift; sourceTree = "<group>"; };
		AA55E7DB1CBA7E67002105DE /* Info.plist */ = {isa = PBXFileReference; lastKnownFileType = text.plist.xml; path = Info.plist; sourceTree = "<group>"; };
		AA55E7E01CBA7E67002105DE /* DLUberUITests.xctest */ = {isa = PBXFileReference; explicitFileType = wrapper.cfbundle; includeInIndex = 0; path = DLUberUITests.xctest; sourceTree = BUILT_PRODUCTS_DIR; };
		AA55E7E41CBA7E67002105DE /* DLUberUITests.swift */ = {isa = PBXFileReference; lastKnownFileType = sourcecode.swift; path = DLUberUITests.swift; sourceTree = "<group>"; };
		AA55E7E61CBA7E67002105DE /* Info.plist */ = {isa = PBXFileReference; lastKnownFileType = text.plist.xml; path = Info.plist; sourceTree = "<group>"; };
		AA55E7FA1CBA82CE002105DE /* BaseInfo.swift */ = {isa = PBXFileReference; fileEncoding = 4; lastKnownFileType = sourcecode.swift; path = BaseInfo.swift; sourceTree = "<group>"; };
		AA55E7FC1CBA8303002105DE /* UserInfo.swift */ = {isa = PBXFileReference; fileEncoding = 4; lastKnownFileType = sourcecode.swift; path = UserInfo.swift; sourceTree = "<group>"; };
		AA55E7FF1CBA837C002105DE /* DLOperation.swift */ = {isa = PBXFileReference; fileEncoding = 4; lastKnownFileType = sourcecode.swift; path = DLOperation.swift; sourceTree = "<group>"; };
		AA55E8011CBA83A7002105DE /* DLLogin.swift */ = {isa = PBXFileReference; fileEncoding = 4; lastKnownFileType = sourcecode.swift; path = DLLogin.swift; sourceTree = "<group>"; };
		AA55E8031CBA83C6002105DE /* DLRegister.swift */ = {isa = PBXFileReference; fileEncoding = 4; lastKnownFileType = sourcecode.swift; path = DLRegister.swift; sourceTree = "<group>"; };
		AA55E8051CBA83E9002105DE /* DLGetCars.swift */ = {isa = PBXFileReference; fileEncoding = 4; lastKnownFileType = sourcecode.swift; path = DLGetCars.swift; sourceTree = "<group>"; };
		AA55E8071CBA842C002105DE /* DLBaseController.swift */ = {isa = PBXFileReference; fileEncoding = 4; lastKnownFileType = sourcecode.swift; path = DLBaseController.swift; sourceTree = "<group>"; };
		AA55E8091CBA8479002105DE /* DLLoginController.swift */ = {isa = PBXFileReference; fileEncoding = 4; lastKnownFileType = sourcecode.swift; path = DLLoginController.swift; sourceTree = "<group>"; };
		AA55E80B1CBA84AF002105DE /* DLLaunchController.swift */ = {isa = PBXFileReference; fileEncoding = 4; lastKnownFileType = sourcecode.swift; path = DLLaunchController.swift; sourceTree = "<group>"; };
		AA55E80E1CBA84E6002105DE /* DLRegisterController.swift */ = {isa = PBXFileReference; fileEncoding = 4; lastKnownFileType = sourcecode.swift; path = DLRegisterController.swift; sourceTree = "<group>"; };
		AA55E8101CBA852B002105DE /* DLBindPayController.swift */ = {isa = PBXFileReference; fileEncoding = 4; lastKnownFileType = sourcecode.swift; path = DLBindPayController.swift; sourceTree = "<group>"; };
		AA55E81A1CBA8997002105DE /* DLDefine.swift */ = {isa = PBXFileReference; fileEncoding = 4; lastKnownFileType = sourcecode.swift; path = DLDefine.swift; sourceTree = "<group>"; };
		AAF8A8D11CC374110046643D /* DLUber-Bridging-Header.h */ = {isa = PBXFileReference; lastKnownFileType = sourcecode.c.h; name = "DLUber-Bridging-Header.h"; path = "../Lib/DLUber-Bridging-Header.h"; sourceTree = "<group>"; };
		AAF8A8E21CC3744D0046643D /* SVIndefiniteAnimatedView.h */ = {isa = PBXFileReference; fileEncoding = 4; lastKnownFileType = sourcecode.c.h; path = SVIndefiniteAnimatedView.h; sourceTree = "<group>"; };
		AAF8A8E31CC3744D0046643D /* SVIndefiniteAnimatedView.m */ = {isa = PBXFileReference; fileEncoding = 4; lastKnownFileType = sourcecode.c.objc; path = SVIndefiniteAnimatedView.m; sourceTree = "<group>"; };
		AAF8A8E41CC3744D0046643D /* SVProgressAnimatedView.h */ = {isa = PBXFileReference; fileEncoding = 4; lastKnownFileType = sourcecode.c.h; path = SVProgressAnimatedView.h; sourceTree = "<group>"; };
		AAF8A8E51CC3744D0046643D /* SVProgressAnimatedView.m */ = {isa = PBXFileReference; fileEncoding = 4; lastKnownFileType = sourcecode.c.objc; path = SVProgressAnimatedView.m; sourceTree = "<group>"; };
		AAF8A8E71CC3744D0046643D /* SVProgressHUD-Prefix.pch */ = {isa = PBXFileReference; fileEncoding = 4; lastKnownFileType = sourcecode.c.h; path = "SVProgressHUD-Prefix.pch"; sourceTree = "<group>"; };
		AAF8A8E81CC3744D0046643D /* SVProgressHUD.bundle */ = {isa = PBXFileReference; lastKnownFileType = "wrapper.plug-in"; path = SVProgressHUD.bundle; sourceTree = "<group>"; };
		AAF8A8E91CC3744D0046643D /* SVProgressHUD.h */ = {isa = PBXFileReference; fileEncoding = 4; lastKnownFileType = sourcecode.c.h; path = SVProgressHUD.h; sourceTree = "<group>"; };
		AAF8A8EA1CC3744D0046643D /* SVProgressHUD.m */ = {isa = PBXFileReference; fileEncoding = 4; lastKnownFileType = sourcecode.c.objc; path = SVProgressHUD.m; sourceTree = "<group>"; };
		AAF8A8EB1CC3744D0046643D /* SVRadialGradientLayer.h */ = {isa = PBXFileReference; fileEncoding = 4; lastKnownFileType = sourcecode.c.h; path = SVRadialGradientLayer.h; sourceTree = "<group>"; };
		AAF8A8EC1CC3744D0046643D /* SVRadialGradientLayer.m */ = {isa = PBXFileReference; fileEncoding = 4; lastKnownFileType = sourcecode.c.objc; path = SVRadialGradientLayer.m; sourceTree = "<group>"; };
/* End PBXFileReference section */

/* Begin PBXFrameworksBuildPhase section */
		AA55E7BE1CBA7E67002105DE /* Frameworks */ = {
			isa = PBXFrameworksBuildPhase;
			buildActionMask = 2147483647;
			files = (
			);
			runOnlyForDeploymentPostprocessing = 0;
		};
		AA55E7D21CBA7E67002105DE /* Frameworks */ = {
			isa = PBXFrameworksBuildPhase;
			buildActionMask = 2147483647;
			files = (
			);
			runOnlyForDeploymentPostprocessing = 0;
		};
		AA55E7DD1CBA7E67002105DE /* Frameworks */ = {
			isa = PBXFrameworksBuildPhase;
			buildActionMask = 2147483647;
			files = (
			);
			runOnlyForDeploymentPostprocessing = 0;
		};
/* End PBXFrameworksBuildPhase section */

/* Begin PBXGroup section */
		AA55E7B81CBA7E67002105DE = {
			isa = PBXGroup;
			children = (
				AA5381221CC32B1600E2DA0B /* welcome_video.mp4 */,
				AA55E7C31CBA7E67002105DE /* DLUber */,
				AA55E7D81CBA7E67002105DE /* DLUberTests */,
				AA55E7E31CBA7E67002105DE /* DLUberUITests */,
				AA55E7C21CBA7E67002105DE /* Products */,
			);
			sourceTree = "<group>";
		};
		AA55E7C21CBA7E67002105DE /* Products */ = {
			isa = PBXGroup;
			children = (
				AA55E7C11CBA7E67002105DE /* DLUber.app */,
				AA55E7D51CBA7E67002105DE /* DLUberTests.xctest */,
				AA55E7E01CBA7E67002105DE /* DLUberUITests.xctest */,
			);
			name = Products;
			sourceTree = "<group>";
		};
		AA55E7C31CBA7E67002105DE /* DLUber */ = {
			isa = PBXGroup;
			children = (
				AA55E7F41CBA81F0002105DE /* Main */,
				AA55E7F71CBA8212002105DE /* Define */,
				AA55E7F21CBA81F0002105DE /* Controller */,
				AA55E7F31CBA81F0002105DE /* Lib */,
				AA55E7F51CBA81F0002105DE /* Model */,
				AA55E7F61CBA81F0002105DE /* View */,
			);
			path = DLUber;
			sourceTree = "<group>";
		};
		AA55E7D81CBA7E67002105DE /* DLUberTests */ = {
			isa = PBXGroup;
			children = (
				AA55E7D91CBA7E67002105DE /* DLUberTests.swift */,
				AA55E7DB1CBA7E67002105DE /* Info.plist */,
			);
			path = DLUberTests;
			sourceTree = "<group>";
		};
		AA55E7E31CBA7E67002105DE /* DLUberUITests */ = {
			isa = PBXGroup;
			children = (
				AA55E7E41CBA7E67002105DE /* DLUberUITests.swift */,
				AA55E7E61CBA7E67002105DE /* Info.plist */,
			);
			path = DLUberUITests;
			sourceTree = "<group>";
		};
		AA55E7F21CBA81F0002105DE /* Controller */ = {
			isa = PBXGroup;
			children = (
				AA55E8071CBA842C002105DE /* DLBaseController.swift */,
				AA55E8091CBA8479002105DE /* DLLoginController.swift */,
				AA55E80B1CBA84AF002105DE /* DLLaunchController.swift */,
				AA55E80E1CBA84E6002105DE /* DLRegisterController.swift */,
				AA55E8101CBA852B002105DE /* DLBindPayController.swift */,
			);
			path = Controller;
			sourceTree = "<group>";
		};
		AA55E7F31CBA81F0002105DE /* Lib */ = {
			isa = PBXGroup;
			children = (
				AAF8A8E11CC3744D0046643D /* SVProgress */,
			);
			path = Lib;
			sourceTree = "<group>";
		};
		AA55E7F41CBA81F0002105DE /* Main */ = {
			isa = PBXGroup;
			children = (
				AAF8A8D11CC374110046643D /* DLUber-Bridging-Header.h */,
				AA5381241CC3570F00E2DA0B /* DLLocation.swift */,
				AA55E7FE1CBA835D002105DE /* Operation */,
			);
			path = Main;
			sourceTree = "<group>";
		};
		AA55E7F51CBA81F0002105DE /* Model */ = {
			isa = PBXGroup;
			children = (
				AA55E7FA1CBA82CE002105DE /* BaseInfo.swift */,
				AA55E7FC1CBA8303002105DE /* UserInfo.swift */,
			);
			path = Model;
			sourceTree = "<group>";
		};
		AA55E7F61CBA81F0002105DE /* View */ = {
			isa = PBXGroup;
			children = (
				AA53811A1CC26DCA00E2DA0B /* DLLaunchController.xib */,
			);
			path = View;
			sourceTree = "<group>";
		};
		AA55E7F71CBA8212002105DE /* Define */ = {
			isa = PBXGroup;
			children = (
				AA55E7C41CBA7E67002105DE /* AppDelegate.swift */,
				AA55E7C61CBA7E67002105DE /* ViewController.swift */,
				AA55E7C81CBA7E67002105DE /* Main.storyboard */,
				AA55E7CB1CBA7E67002105DE /* Assets.xcassets */,
				AA55E7CD1CBA7E67002105DE /* LaunchScreen.storyboard */,
				AA55E7D01CBA7E67002105DE /* Info.plist */,
				AA55E81A1CBA8997002105DE /* DLDefine.swift */,
				AA5381181CC26A6800E2DA0B /* DLURLDefine.swift */,
			);
			path = Define;
			sourceTree = "<group>";
		};
		AA55E7FE1CBA835D002105DE /* Operation */ = {
			isa = PBXGroup;
			children = (
				AA55E7FF1CBA837C002105DE /* DLOperation.swift */,
				AA55E8011CBA83A7002105DE /* DLLogin.swift */,
				AA55E8031CBA83C6002105DE /* DLRegister.swift */,
				AA55E8051CBA83E9002105DE /* DLGetCars.swift */,
			);
			path = Operation;
			sourceTree = "<group>";
		};
		AAF8A8E11CC3744D0046643D /* SVProgress */ = {
			isa = PBXGroup;
			children = (
				AAF8A8E21CC3744D0046643D /* SVIndefiniteAnimatedView.h */,
				AAF8A8E31CC3744D0046643D /* SVIndefiniteAnimatedView.m */,
				AAF8A8E41CC3744D0046643D /* SVProgressAnimatedView.h */,
				AAF8A8E51CC3744D0046643D /* SVProgressAnimatedView.m */,
				AAF8A8E61CC3744D0046643D /* SVProgressHUD */,
				AAF8A8E71CC3744D0046643D /* SVProgressHUD-Prefix.pch */,
				AAF8A8E81CC3744D0046643D /* SVProgressHUD.bundle */,
				AAF8A8E91CC3744D0046643D /* SVProgressHUD.h */,
				AAF8A8EA1CC3744D0046643D /* SVProgressHUD.m */,
				AAF8A8EB1CC3744D0046643D /* SVRadialGradientLayer.h */,
				AAF8A8EC1CC3744D0046643D /* SVRadialGradientLayer.m */,
			);
			path = SVProgress;
			sourceTree = "<group>";
		};
		AAF8A8E61CC3744D0046643D /* SVProgressHUD */ = {
			isa = PBXGroup;
			children = (
			);
			path = SVProgressHUD;
			sourceTree = "<group>";
		};
/* End PBXGroup section */

/* Begin PBXNativeTarget section */
		AA55E7C01CBA7E67002105DE /* DLUber */ = {
			isa = PBXNativeTarget;
			buildConfigurationList = AA55E7E91CBA7E67002105DE /* Build configuration list for PBXNativeTarget "DLUber" */;
			buildPhases = (
				AA55E7BD1CBA7E67002105DE /* Sources */,
				AA55E7BE1CBA7E67002105DE /* Frameworks */,
				AA55E7BF1CBA7E67002105DE /* Resources */,
			);
			buildRules = (
			);
			dependencies = (
			);
			name = DLUber;
			productName = DLUber;
			productReference = AA55E7C11CBA7E67002105DE /* DLUber.app */;
			productType = "com.apple.product-type.application";
		};
		AA55E7D41CBA7E67002105DE /* DLUberTests */ = {
			isa = PBXNativeTarget;
			buildConfigurationList = AA55E7EC1CBA7E67002105DE /* Build configuration list for PBXNativeTarget "DLUberTests" */;
			buildPhases = (
				AA55E7D11CBA7E67002105DE /* Sources */,
				AA55E7D21CBA7E67002105DE /* Frameworks */,
				AA55E7D31CBA7E67002105DE /* Resources */,
			);
			buildRules = (
			);
			dependencies = (
				AA55E7D71CBA7E67002105DE /* PBXTargetDependency */,
			);
			name = DLUberTests;
			productName = DLUberTests;
			productReference = AA55E7D51CBA7E67002105DE /* DLUberTests.xctest */;
			productType = "com.apple.product-type.bundle.unit-test";
		};
		AA55E7DF1CBA7E67002105DE /* DLUberUITests */ = {
			isa = PBXNativeTarget;
			buildConfigurationList = AA55E7EF1CBA7E67002105DE /* Build configuration list for PBXNativeTarget "DLUberUITests" */;
			buildPhases = (
				AA55E7DC1CBA7E67002105DE /* Sources */,
				AA55E7DD1CBA7E67002105DE /* Frameworks */,
				AA55E7DE1CBA7E67002105DE /* Resources */,
			);
			buildRules = (
			);
			dependencies = (
				AA55E7E21CBA7E67002105DE /* PBXTargetDependency */,
			);
			name = DLUberUITests;
			productName = DLUberUITests;
			productReference = AA55E7E01CBA7E67002105DE /* DLUberUITests.xctest */;
			productType = "com.apple.product-type.bundle.ui-testing";
		};
/* End PBXNativeTarget section */

/* Begin PBXProject section */
		AA55E7B91CBA7E67002105DE /* Project object */ = {
			isa = PBXProject;
			attributes = {
				LastSwiftUpdateCheck = 0730;
				LastUpgradeCheck = 0730;
				ORGANIZATIONNAME = FT_David;
				TargetAttributes = {
					AA55E7C01CBA7E67002105DE = {
						CreatedOnToolsVersion = 7.3;
						DevelopmentTeam = LN7UHJEGQE;
					};
					AA55E7D41CBA7E67002105DE = {
						CreatedOnToolsVersion = 7.3;
						TestTargetID = AA55E7C01CBA7E67002105DE;
					};
					AA55E7DF1CBA7E67002105DE = {
						CreatedOnToolsVersion = 7.3;
						TestTargetID = AA55E7C01CBA7E67002105DE;
					};
				};
			};
			buildConfigurationList = AA55E7BC1CBA7E67002105DE /* Build configuration list for PBXProject "DLUber" */;
			compatibilityVersion = "Xcode 3.2";
			developmentRegion = English;
			hasScannedForEncodings = 0;
			knownRegions = (
				en,
				Base,
			);
			mainGroup = AA55E7B81CBA7E67002105DE;
			productRefGroup = AA55E7C21CBA7E67002105DE /* Products */;
			projectDirPath = "";
			projectRoot = "";
			targets = (
				AA55E7C01CBA7E67002105DE /* DLUber */,
				AA55E7D41CBA7E67002105DE /* DLUberTests */,
				AA55E7DF1CBA7E67002105DE /* DLUberUITests */,
			);
		};
/* End PBXProject section */

/* Begin PBXResourcesBuildPhase section */
		AA55E7BF1CBA7E67002105DE /* Resources */ = {
			isa = PBXResourcesBuildPhase;
			buildActionMask = 2147483647;
			files = (
				AA5381231CC32B1600E2DA0B /* welcome_video.mp4 in Resources */,
				AAF8A8EF1CC3744D0046643D /* SVProgressHUD.bundle in Resources */,
				AA55E7CF1CBA7E67002105DE /* LaunchScreen.storyboard in Resources */,
				AA55E7CC1CBA7E67002105DE /* Assets.xcassets in Resources */,
				AA53811B1CC26DCA00E2DA0B /* DLLaunchController.xib in Resources */,
				AA55E7CA1CBA7E67002105DE /* Main.storyboard in Resources */,
			);
			runOnlyForDeploymentPostprocessing = 0;
		};
		AA55E7D31CBA7E67002105DE /* Resources */ = {
			isa = PBXResourcesBuildPhase;
			buildActionMask = 2147483647;
			files = (
			);
			runOnlyForDeploymentPostprocessing = 0;
		};
		AA55E7DE1CBA7E67002105DE /* Resources */ = {
			isa = PBXResourcesBuildPhase;
			buildActionMask = 2147483647;
			files = (
			);
			runOnlyForDeploymentPostprocessing = 0;
		};
/* End PBXResourcesBuildPhase section */

/* Begin PBXSourcesBuildPhase section */
		AA55E7BD1CBA7E67002105DE /* Sources */ = {
			isa = PBXSourcesBuildPhase;
			buildActionMask = 2147483647;
			files = (
				AA55E7FD1CBA8303002105DE /* UserInfo.swift in Sources */,
				AA5381191CC26A6800E2DA0B /* DLURLDefine.swift in Sources */,
				AA55E80C1CBA84AF002105DE /* DLLaunchController.swift in Sources */,
				AA55E80A1CBA8479002105DE /* DLLoginController.swift in Sources */,
				AA5381251CC3570F00E2DA0B /* DLLocation.swift in Sources */,
				AAF8A8EE1CC3744D0046643D /* SVProgressAnimatedView.m in Sources */,
				AA55E8111CBA852B002105DE /* DLBindPayController.swift in Sources */,
				AAF8A8F01CC3744D0046643D /* SVProgressHUD.m in Sources */,
				AAF8A8ED1CC3744D0046643D /* SVIndefiniteAnimatedView.m in Sources */,
				AA55E7C71CBA7E67002105DE /* ViewController.swift in Sources */,
				AA55E7FB1CBA82CE002105DE /* BaseInfo.swift in Sources */,
				AA55E8061CBA83E9002105DE /* DLGetCars.swift in Sources */,
				AA55E80F1CBA84E6002105DE /* DLRegisterController.swift in Sources */,
				AA55E8001CBA837C002105DE /* DLOperation.swift in Sources */,
				AA55E8041CBA83C6002105DE /* DLRegister.swift in Sources */,
				AA55E7C51CBA7E67002105DE /* AppDelegate.swift in Sources */,
				AA55E8081CBA842C002105DE /* DLBaseController.swift in Sources */,
				AA55E81B1CBA8997002105DE /* DLDefine.swift in Sources */,
				AA55E8021CBA83A7002105DE /* DLLogin.swift in Sources */,
				AAF8A8F11CC3744D0046643D /* SVRadialGradientLayer.m in Sources */,
			);
			runOnlyForDeploymentPostprocessing = 0;
		};
		AA55E7D11CBA7E67002105DE /* Sources */ = {
			isa = PBXSourcesBuildPhase;
			buildActionMask = 2147483647;
			files = (
				AA55E7DA1CBA7E67002105DE /* DLUberTests.swift in Sources */,
			);
			runOnlyForDeploymentPostprocessing = 0;
		};
		AA55E7DC1CBA7E67002105DE /* Sources */ = {
			isa = PBXSourcesBuildPhase;
			buildActionMask = 2147483647;
			files = (
				AA55E7E51CBA7E67002105DE /* DLUberUITests.swift in Sources */,
			);
			runOnlyForDeploymentPostprocessing = 0;
		};
/* End PBXSourcesBuildPhase section */

/* Begin PBXTargetDependency section */
		AA55E7D71CBA7E67002105DE /* PBXTargetDependency */ = {
			isa = PBXTargetDependency;
			target = AA55E7C01CBA7E67002105DE /* DLUber */;
			targetProxy = AA55E7D61CBA7E67002105DE /* PBXContainerItemProxy */;
		};
		AA55E7E21CBA7E67002105DE /* PBXTargetDependency */ = {
			isa = PBXTargetDependency;
			target = AA55E7C01CBA7E67002105DE /* DLUber */;
			targetProxy = AA55E7E11CBA7E67002105DE /* PBXContainerItemProxy */;
		};
/* End PBXTargetDependency section */

/* Begin PBXVariantGroup section */
		AA55E7C81CBA7E67002105DE /* Main.storyboard */ = {
			isa = PBXVariantGroup;
			children = (
				AA55E7C91CBA7E67002105DE /* Base */,
			);
			name = Main.storyboard;
			path = ..;
			sourceTree = "<group>";
		};
		AA55E7CD1CBA7E67002105DE /* LaunchScreen.storyboard */ = {
			isa = PBXVariantGroup;
			children = (
				AA55E7CE1CBA7E67002105DE /* Base */,
			);
			name = LaunchScreen.storyboard;
			path = ..;
			sourceTree = "<group>";
		};
/* End PBXVariantGroup section */

/* Begin XCBuildConfiguration section */
		AA55E7E71CBA7E67002105DE /* Debug */ = {
			isa = XCBuildConfiguration;
			buildSettings = {
				ALWAYS_SEARCH_USER_PATHS = NO;
				CLANG_ANALYZER_NONNULL = YES;
				CLANG_CXX_LANGUAGE_STANDARD = "gnu++0x";
				CLANG_CXX_LIBRARY = "libc++";
				CLANG_ENABLE_MODULES = YES;
				CLANG_ENABLE_OBJC_ARC = YES;
				CLANG_WARN_BOOL_CONVERSION = YES;
				CLANG_WARN_CONSTANT_CONVERSION = YES;
				CLANG_WARN_DIRECT_OBJC_ISA_USAGE = YES_ERROR;
				CLANG_WARN_EMPTY_BODY = YES;
				CLANG_WARN_ENUM_CONVERSION = YES;
				CLANG_WARN_INT_CONVERSION = YES;
				CLANG_WARN_OBJC_ROOT_CLASS = YES_ERROR;
				CLANG_WARN_UNREACHABLE_CODE = YES;
				CLANG_WARN__DUPLICATE_METHOD_MATCH = YES;
				"CODE_SIGN_IDENTITY[sdk=iphoneos*]" = "iPhone Developer";
				COPY_PHASE_STRIP = NO;
				DEBUG_INFORMATION_FORMAT = dwarf;
				ENABLE_STRICT_OBJC_MSGSEND = YES;
				ENABLE_TESTABILITY = YES;
				GCC_C_LANGUAGE_STANDARD = gnu99;
				GCC_DYNAMIC_NO_PIC = NO;
				GCC_NO_COMMON_BLOCKS = YES;
				GCC_OPTIMIZATION_LEVEL = 0;
				GCC_PREPROCESSOR_DEFINITIONS = (
					"DEBUG=1",
					"$(inherited)",
				);
				GCC_WARN_64_TO_32_BIT_CONVERSION = YES;
				GCC_WARN_ABOUT_RETURN_TYPE = YES_ERROR;
				GCC_WARN_UNDECLARED_SELECTOR = YES;
				GCC_WARN_UNINITIALIZED_AUTOS = YES_AGGRESSIVE;
				GCC_WARN_UNUSED_FUNCTION = YES;
				GCC_WARN_UNUSED_VARIABLE = YES;
				IPHONEOS_DEPLOYMENT_TARGET = 9.3;
				MTL_ENABLE_DEBUG_INFO = YES;
				ONLY_ACTIVE_ARCH = YES;
				SDKROOT = iphoneos;
				SWIFT_OPTIMIZATION_LEVEL = "-Onone";
			};
			name = Debug;
		};
		AA55E7E81CBA7E67002105DE /* Release */ = {
			isa = XCBuildConfiguration;
			buildSettings = {
				ALWAYS_SEARCH_USER_PATHS = NO;
				CLANG_ANALYZER_NONNULL = YES;
				CLANG_CXX_LANGUAGE_STANDARD = "gnu++0x";
				CLANG_CXX_LIBRARY = "libc++";
				CLANG_ENABLE_MODULES = YES;
				CLANG_ENABLE_OBJC_ARC = YES;
				CLANG_WARN_BOOL_CONVERSION = YES;
				CLANG_WARN_CONSTANT_CONVERSION = YES;
				CLANG_WARN_DIRECT_OBJC_ISA_USAGE = YES_ERROR;
				CLANG_WARN_EMPTY_BODY = YES;
				CLANG_WARN_ENUM_CONVERSION = YES;
				CLANG_WARN_INT_CONVERSION = YES;
				CLANG_WARN_OBJC_ROOT_CLASS = YES_ERROR;
				CLANG_WARN_UNREACHABLE_CODE = YES;
				CLANG_WARN__DUPLICATE_METHOD_MATCH = YES;
				"CODE_SIGN_IDENTITY[sdk=iphoneos*]" = "iPhone Developer";
				COPY_PHASE_STRIP = NO;
				DEBUG_INFORMATION_FORMAT = "dwarf-with-dsym";
				ENABLE_NS_ASSERTIONS = NO;
				ENABLE_STRICT_OBJC_MSGSEND = YES;
				GCC_C_LANGUAGE_STANDARD = gnu99;
				GCC_NO_COMMON_BLOCKS = YES;
				GCC_WARN_64_TO_32_BIT_CONVERSION = YES;
				GCC_WARN_ABOUT_RETURN_TYPE = YES_ERROR;
				GCC_WARN_UNDECLARED_SELECTOR = YES;
				GCC_WARN_UNINITIALIZED_AUTOS = YES_AGGRESSIVE;
				GCC_WARN_UNUSED_FUNCTION = YES;
				GCC_WARN_UNUSED_VARIABLE = YES;
				IPHONEOS_DEPLOYMENT_TARGET = 9.3;
				MTL_ENABLE_DEBUG_INFO = NO;
				SDKROOT = iphoneos;
				VALIDATE_PRODUCT = YES;
			};
			name = Release;
		};
		AA55E7EA1CBA7E67002105DE /* Debug */ = {
			isa = XCBuildConfiguration;
			buildSettings = {
				ASSETCATALOG_COMPILER_APPICON_NAME = AppIcon;
				CLANG_ENABLE_MODULES = YES;
				CODE_SIGN_IDENTITY = "iPhone Developer";
				INFOPLIST_FILE = DLUber/Info.plist;
				IPHONEOS_DEPLOYMENT_TARGET = 7.0;
				LD_RUNPATH_SEARCH_PATHS = "$(inherited) @executable_path/Frameworks";
				OTHER_SWIFT_FLAGS = "-D DEBUG";
				PRODUCT_BUNDLE_IDENTIFIER = com.dl.demo.DLUber;
				PRODUCT_NAME = "$(TARGET_NAME)";
				SWIFT_OBJC_BRIDGING_HEADER = "DLUber/Lib/DLUber-Bridging-Header.h";
				SWIFT_OPTIMIZATION_LEVEL = "-Onone";
			};
			name = Debug;
		};
		AA55E7EB1CBA7E67002105DE /* Release */ = {
			isa = XCBuildConfiguration;
			buildSettings = {
				ASSETCATALOG_COMPILER_APPICON_NAME = AppIcon;
				CLANG_ENABLE_MODULES = YES;
				CODE_SIGN_IDENTITY = "iPhone Developer";
				INFOPLIST_FILE = DLUber/Info.plist;
				IPHONEOS_DEPLOYMENT_TARGET = 7.0;
				LD_RUNPATH_SEARCH_PATHS = "$(inherited) @executable_path/Frameworks";
				OTHER_SWIFT_FLAGS = "-D DEBUG";
				PRODUCT_BUNDLE_IDENTIFIER = com.dl.demo.DLUber;
				PRODUCT_NAME = "$(TARGET_NAME)";
				SWIFT_OBJC_BRIDGING_HEADER = "DLUber/Lib/DLUber-Bridging-Header.h";
			};
			name = Release;
		};
		AA55E7ED1CBA7E67002105DE /* Debug */ = {
			isa = XCBuildConfiguration;
			buildSettings = {
				BUNDLE_LOADER = "$(TEST_HOST)";
				INFOPLIST_FILE = DLUberTests/Info.plist;
				LD_RUNPATH_SEARCH_PATHS = "$(inherited) @executable_path/Frameworks @loader_path/Frameworks";
				PRODUCT_BUNDLE_IDENTIFIER = com.dl.demo.DLUberTests;
				PRODUCT_NAME = "$(TARGET_NAME)";
				TEST_HOST = "$(BUILT_PRODUCTS_DIR)/DLUber.app/DLUber";
			};
			name = Debug;
		};
		AA55E7EE1CBA7E67002105DE /* Release */ = {
			isa = XCBuildConfiguration;
			buildSettings = {
				BUNDLE_LOADER = "$(TEST_HOST)";
				INFOPLIST_FILE = DLUberTests/Info.plist;
				LD_RUNPATH_SEARCH_PATHS = "$(inherited) @executable_path/Frameworks @loader_path/Frameworks";
				PRODUCT_BUNDLE_IDENTIFIER = com.dl.demo.DLUberTests;
				PRODUCT_NAME = "$(TARGET_NAME)";
				TEST_HOST = "$(BUILT_PRODUCTS_DIR)/DLUber.app/DLUber";
			};
			name = Release;
		};
		AA55E7F01CBA7E67002105DE /* Debug */ = {
			isa = XCBuildConfiguration;
			buildSettings = {
				INFOPLIST_FILE = DLUberUITests/Info.plist;
				LD_RUNPATH_SEARCH_PATHS = "$(inherited) @executable_path/Frameworks @loader_path/Frameworks";
				PRODUCT_BUNDLE_IDENTIFIER = com.dl.demo.DLUberUITests;
				PRODUCT_NAME = "$(TARGET_NAME)";
				TEST_TARGET_NAME = DLUber;
			};
			name = Debug;
		};
		AA55E7F11CBA7E67002105DE /* Release */ = {
			isa = XCBuildConfiguration;
			buildSettings = {
				INFOPLIST_FILE = DLUberUITests/Info.plist;
				LD_RUNPATH_SEARCH_PATHS = "$(inherited) @executable_path/Frameworks @loader_path/Frameworks";
				PRODUCT_BUNDLE_IDENTIFIER = com.dl.demo.DLUberUITests;
				PRODUCT_NAME = "$(TARGET_NAME)";
				TEST_TARGET_NAME = DLUber;
			};
			name = Release;
		};
		AA55E8121CBA888A002105DE /* AppStore */ = {
			isa = XCBuildConfiguration;
			buildSettings = {
				ALWAYS_SEARCH_USER_PATHS = NO;
				CLANG_ANALYZER_NONNULL = YES;
				CLANG_CXX_LANGUAGE_STANDARD = "gnu++0x";
				CLANG_CXX_LIBRARY = "libc++";
				CLANG_ENABLE_MODULES = YES;
				CLANG_ENABLE_OBJC_ARC = YES;
				CLANG_WARN_BOOL_CONVERSION = YES;
				CLANG_WARN_CONSTANT_CONVERSION = YES;
				CLANG_WARN_DIRECT_OBJC_ISA_USAGE = YES_ERROR;
				CLANG_WARN_EMPTY_BODY = YES;
				CLANG_WARN_ENUM_CONVERSION = YES;
				CLANG_WARN_INT_CONVERSION = YES;
				CLANG_WARN_OBJC_ROOT_CLASS = YES_ERROR;
				CLANG_WARN_UNREACHABLE_CODE = YES;
				CLANG_WARN__DUPLICATE_METHOD_MATCH = YES;
				"CODE_SIGN_IDENTITY[sdk=iphoneos*]" = "iPhone Developer";
				COPY_PHASE_STRIP = NO;
				DEBUG_INFORMATION_FORMAT = "dwarf-with-dsym";
				ENABLE_NS_ASSERTIONS = NO;
				ENABLE_STRICT_OBJC_MSGSEND = YES;
				GCC_C_LANGUAGE_STANDARD = gnu99;
				GCC_NO_COMMON_BLOCKS = YES;
				GCC_WARN_64_TO_32_BIT_CONVERSION = YES;
				GCC_WARN_ABOUT_RETURN_TYPE = YES_ERROR;
				GCC_WARN_UNDECLARED_SELECTOR = YES;
				GCC_WARN_UNINITIALIZED_AUTOS = YES_AGGRESSIVE;
				GCC_WARN_UNUSED_FUNCTION = YES;
				GCC_WARN_UNUSED_VARIABLE = YES;
				IPHONEOS_DEPLOYMENT_TARGET = 9.3;
				MTL_ENABLE_DEBUG_INFO = NO;
				SDKROOT = iphoneos;
				VALIDATE_PRODUCT = YES;
			};
			name = AppStore;
		};
		AA55E8131CBA888A002105DE /* AppStore */ = {
			isa = XCBuildConfiguration;
			buildSettings = {
				ASSETCATALOG_COMPILER_APPICON_NAME = AppIcon;
				CLANG_ENABLE_MODULES = YES;
				CODE_SIGN_IDENTITY = "iPhone Developer";
				INFOPLIST_FILE = DLUber/Info.plist;
				IPHONEOS_DEPLOYMENT_TARGET = 7.0;
				LD_RUNPATH_SEARCH_PATHS = "$(inherited) @executable_path/Frameworks";
				OTHER_SWIFT_FLAGS = "-D APPSTORE";
				PRODUCT_BUNDLE_IDENTIFIER = com.dl.demo.DLUber;
				PRODUCT_NAME = "$(TARGET_NAME)";
				SWIFT_OBJC_BRIDGING_HEADER = "DLUber/Lib/DLUber-Bridging-Header.h";
			};
			name = AppStore;
		};
		AA55E8141CBA888A002105DE /* AppStore */ = {
			isa = XCBuildConfiguration;
			buildSettings = {
				BUNDLE_LOADER = "$(TEST_HOST)";
				INFOPLIST_FILE = DLUberTests/Info.plist;
				LD_RUNPATH_SEARCH_PATHS = "$(inherited) @executable_path/Frameworks @loader_path/Frameworks";
				PRODUCT_BUNDLE_IDENTIFIER = com.dl.demo.DLUberTests;
				PRODUCT_NAME = "$(TARGET_NAME)";
				TEST_HOST = "$(BUILT_PRODUCTS_DIR)/DLUber.app/DLUber";
			};
			name = AppStore;
		};
		AA55E8151CBA888A002105DE /* AppStore */ = {
			isa = XCBuildConfiguration;
			buildSettings = {
				INFOPLIST_FILE = DLUberUITests/Info.plist;
				LD_RUNPATH_SEARCH_PATHS = "$(inherited) @executable_path/Frameworks @loader_path/Frameworks";
				PRODUCT_BUNDLE_IDENTIFIER = com.dl.demo.DLUberUITests;
				PRODUCT_NAME = "$(TARGET_NAME)";
				TEST_TARGET_NAME = DLUber;
			};
			name = AppStore;
		};
		AA55E8161CBA889E002105DE /* AdHoc */ = {
			isa = XCBuildConfiguration;
			buildSettings = {
				ALWAYS_SEARCH_USER_PATHS = NO;
				CLANG_ANALYZER_NONNULL = YES;
				CLANG_CXX_LANGUAGE_STANDARD = "gnu++0x";
				CLANG_CXX_LIBRARY = "libc++";
				CLANG_ENABLE_MODULES = YES;
				CLANG_ENABLE_OBJC_ARC = YES;
				CLANG_WARN_BOOL_CONVERSION = YES;
				CLANG_WARN_CONSTANT_CONVERSION = YES;
				CLANG_WARN_DIRECT_OBJC_ISA_USAGE = YES_ERROR;
				CLANG_WARN_EMPTY_BODY = YES;
				CLANG_WARN_ENUM_CONVERSION = YES;
				CLANG_WARN_INT_CONVERSION = YES;
				CLANG_WARN_OBJC_ROOT_CLASS = YES_ERROR;
				CLANG_WARN_UNREACHABLE_CODE = YES;
				CLANG_WARN__DUPLICATE_METHOD_MATCH = YES;
				"CODE_SIGN_IDENTITY[sdk=iphoneos*]" = "iPhone Developer";
				COPY_PHASE_STRIP = NO;
				DEBUG_INFORMATION_FORMAT = "dwarf-with-dsym";
				ENABLE_NS_ASSERTIONS = NO;
				ENABLE_STRICT_OBJC_MSGSEND = YES;
				GCC_C_LANGUAGE_STANDARD = gnu99;
				GCC_NO_COMMON_BLOCKS = YES;
				GCC_WARN_64_TO_32_BIT_CONVERSION = YES;
				GCC_WARN_ABOUT_RETURN_TYPE = YES_ERROR;
				GCC_WARN_UNDECLARED_SELECTOR = YES;
				GCC_WARN_UNINITIALIZED_AUTOS = YES_AGGRESSIVE;
				GCC_WARN_UNUSED_FUNCTION = YES;
				GCC_WARN_UNUSED_VARIABLE = YES;
				IPHONEOS_DEPLOYMENT_TARGET = 9.3;
				MTL_ENABLE_DEBUG_INFO = NO;
				SDKROOT = iphoneos;
				VALIDATE_PRODUCT = YES;
			};
			name = AdHoc;
		};
		AA55E8171CBA889E002105DE /* AdHoc */ = {
			isa = XCBuildConfiguration;
			buildSettings = {
				ASSETCATALOG_COMPILER_APPICON_NAME = AppIcon;
				CLANG_ENABLE_MODULES = YES;
				CODE_SIGN_IDENTITY = "iPhone Developer";
				INFOPLIST_FILE = DLUber/Info.plist;
				IPHONEOS_DEPLOYMENT_TARGET = 7.0;
				LD_RUNPATH_SEARCH_PATHS = "$(inherited) @executable_path/Frameworks";
				OTHER_SWIFT_FLAGS = "-D DEBUG";
				PRODUCT_BUNDLE_IDENTIFIER = com.dl.demo.DLUber;
				PRODUCT_NAME = "$(TARGET_NAME)";
				SWIFT_OBJC_BRIDGING_HEADER = "DLUber/Lib/DLUber-Bridging-Header.h";
			};
			name = AdHoc;
		};
		AA55E8181CBA889E002105DE /* AdHoc */ = {
			isa = XCBuildConfiguration;
			buildSettings = {
				BUNDLE_LOADER = "$(TEST_HOST)";
				INFOPLIST_FILE = DLUberTests/Info.plist;
				LD_RUNPATH_SEARCH_PATHS = "$(inherited) @executable_path/Frameworks @loader_path/Frameworks";
				PRODUCT_BUNDLE_IDENTIFIER = com.dl.demo.DLUberTests;
				PRODUCT_NAME = "$(TARGET_NAME)";
				TEST_HOST = "$(BUILT_PRODUCTS_DIR)/DLUber.app/DLUber";
			};
			name = AdHoc;
		};
		AA55E8191CBA889E002105DE /* AdHoc */ = {
			isa = XCBuildConfiguration;
			buildSettings = {
				INFOPLIST_FILE = DLUberUITests/Info.plist;
				LD_RUNPATH_SEARCH_PATHS = "$(inherited) @executable_path/Frameworks @loader_path/Frameworks";
				PRODUCT_BUNDLE_IDENTIFIER = com.dl.demo.DLUberUITests;
				PRODUCT_NAME = "$(TARGET_NAME)";
				TEST_TARGET_NAME = DLUber;
			};
			name = AdHoc;
		};
/* End XCBuildConfiguration section */

/* Begin XCConfigurationList section */
		AA55E7BC1CBA7E67002105DE /* Build configuration list for PBXProject "DLUber" */ = {
			isa = XCConfigurationList;
			buildConfigurations = (
				AA55E7E71CBA7E67002105DE /* Debug */,
				AA55E7E81CBA7E67002105DE /* Release */,
				AA55E8161CBA889E002105DE /* AdHoc */,
				AA55E8121CBA888A002105DE /* AppStore */,
			);
			defaultConfigurationIsVisible = 0;
			defaultConfigurationName = Release;
		};
		AA55E7E91CBA7E67002105DE /* Build configuration list for PBXNativeTarget "DLUber" */ = {
			isa = XCConfigurationList;
			buildConfigurations = (
				AA55E7EA1CBA7E67002105DE /* Debug */,
				AA55E7EB1CBA7E67002105DE /* Release */,
				AA55E8171CBA889E002105DE /* AdHoc */,
				AA55E8131CBA888A002105DE /* AppStore */,
			);
			defaultConfigurationIsVisible = 0;
			defaultConfigurationName = Release;
		};
		AA55E7EC1CBA7E67002105DE /* Build configuration list for PBXNativeTarget "DLUberTests" */ = {
			isa = XCConfigurationList;
			buildConfigurations = (
				AA55E7ED1CBA7E67002105DE /* Debug */,
				AA55E7EE1CBA7E67002105DE /* Release */,
				AA55E8181CBA889E002105DE /* AdHoc */,
				AA55E8141CBA888A002105DE /* AppStore */,
			);
			defaultConfigurationIsVisible = 0;
			defaultConfigurationName = Release;
		};
		AA55E7EF1CBA7E67002105DE /* Build configuration list for PBXNativeTarget "DLUberUITests" */ = {
			isa = XCConfigurationList;
			buildConfigurations = (
				AA55E7F01CBA7E67002105DE /* Debug */,
				AA55E7F11CBA7E67002105DE /* Release */,
				AA55E8191CBA889E002105DE /* AdHoc */,
				AA55E8151CBA888A002105DE /* AppStore */,
			);
			defaultConfigurationIsVisible = 0;
			defaultConfigurationName = Release;
		};
/* End XCConfigurationList section */
	};
	rootObject = AA55E7B91CBA7E67002105DE /* Project object */;
}
